{
  "version": 2,
  "dependencies": {
    "net11.0": {
      "Microsoft.CodeAnalysis.BannedApiAnalyzers": {
        "type": "Direct",
        "requested": "[5.6.0, )",
        "resolved": "5.6.0",
        "contentHash": "Kcobt3pnOdO0A+6CKiMHZdTEluJpsfxiV20axtZdmfBQnDmiWTKPJADlgAfdTuKNAnVarrkJa0UEGwuOo91muw=="
      },
      "Microsoft.Extensions.Hosting": {
        "type": "Direct",
        "requested": "[11.0.0-rc.1.26425.128, )",
        "resolved": "11.0.0-rc.1.26425.128",
        "contentHash": "YApAUSwCMTZILvf//btcnYviphbjyr++4f2ynUdou/0ZNXhu1Ptkx1LEFTz8eB3q+4fwOfugI31R4KMShKY1jQ==",
        "dependencies": {
          "Microsoft.Extensions.Configuration": "11.0.0-rc.1.26425.128",
          "Microsoft.Extensions.Configuration.Binder": "11.0.0-rc.1.26425.128",
          "Microsoft.Extensions.Configuration.CommandLine": "11.0.0-rc.1.26425.128",
          "Microsoft.Extensions.Configuration.EnvironmentVariables": "11.0.0-rc.1.26425.128",
          "Microsoft.Extensions.Configuration.FileExtensions": "11.0.0-rc.1.26425.128",
          "Microsoft.Extensions.Configuration.Json": "11.0.0-rc.1.26425.128",
          "Microsoft.Extensions.Configuration.UserSecrets": "11.0.0-rc.1.26425.128",
          "Microsoft.Extensions.DependencyInjection": "11.0.0-rc.1.26425.128",
          "Microsoft.Extensions.Diagnostics": "11.0.0-rc.1.26425.128",
          "Microsoft.Extensions.FileProviders.Physical": "11.0.0-rc.1.26425.128",
          "Microsoft.Extensions.Logging": "11.0.0-rc.1.26425.128",
          "Microsoft.Extensions.Logging.Configuration": "11.0.0-rc.1.26425.128",
          "Microsoft.Extensions.Logging.Console": "11.0.0-rc.1.26425.128",
          "Microsoft.Extensions.Logging.Debug": "11.0.0-rc.1.26425.128",
          "Microsoft.Extensions.Logging.EventLog": "11.0.0-rc.1.26425.128",
          "Microsoft.Extensions.Logging.EventSource": "11.0.0-rc.1.26425.128"
        }
      },
      "Microsoft.NET.ILLink.Tasks": {
        "type": "Direct",
        "requested": "[11.0.0-rc.1.26425.128, )",
        "resolved": "11.0.0-rc.1.26425.128",
        "contentHash": "oMgihfjNcxZpR9B/O5Ke8Qmr8CJcpdzG4PnVYtA6Ja4g41NELxLRuiqqh5ys7w+ourEBNng2IIZnrlMJXfncmQ=="
      },
      "Microsoft.Sbom.Targets": {
        "type": "Direct",
        "requested": "[4.1.12, )",
        "resolved": "4.1.12",
        "contentHash": "LMQwnMxrQkZWXRKCE0KXfDJraAwRpVgldtGdLQrYBvKP46m5+Ugiudw36JJy3N6ZUBuFHFiSOkubZh3BDL7j6Q=="
      },
      "ModelContextProtocol": {
        "type": "Direct",
        "requested": "[2.2.0, )",
        "resolved": "2.2.0",
        "contentHash": "4Pb9u02Nwsp0poueDsqNdyGRojFxOYpljB7zDBsq+aHL+Afou3OgxlBc3GWFVnsRMRJrUtWqDh3s6k2JgPzmrQ==",
        "dependencies": {
          "ModelContextProtocol.Core": "[2.2.0]"
        }
      },
      "System.CommandLine": {
        "type": "Direct",
        "requested": "[3.0.0-rc.1.26425.128, )",
        "resolved": "3.0.0-rc.1.26425.128",
        "contentHash": "YelucFACwwoc9L10R71DA2BwviTRNTCJysSAB9nh5tbg3+qzfFSX2r5Hk6kvZcSTMuRaEL7SigH3WorN8rkGag=="
      },
      "Microsoft.Extensions.AI.Abstractions": {
        "type": "Transitive",
        "resolved": "10.8.3",
        "contentHash": "K0B05oApxmviWalNHPMBBcRC7erKiDATz3ENNR/jqTR9JwIwLRefgDhj2jCRwL1aca99pXUe0qyQC73/xIuZig=="
      },
      "Microsoft.Extensions.Configuration": {
        "type": "Transitive",
        "resolved": "11.0.0-rc.1.26425.128",
        "contentHash": "67EIKOU5pzuMcTHoezn/hmv1hyMcxpiSIlVL9oT6Uc3bcErYhkTBuZCuVqHuNjJBm0nqmpJb1v644M/NV7Q0Vw=="
      },
      "Microsoft.Extensions.Configuration.Binder": {
        "type": "Transitive",
        "resolved": "11.0.0-rc.1.26425.128",
        "contentHash": "1AI7GybRhwcPmOgi275FOlxDP3PL/pspE1R4itBxLgQ771sRy0LhYi4usSYNvixnocxcPp0aZqJ27CyYdM9Aaw==",
        "dependencies": {
          "Microsoft.Extensions.Configuration": "11.0.0-rc.1.26425.128"
        }
      },
      "Microsoft.Extensions.Configuration.CommandLine": {
        "type": "Transitive",
        "resolved": "11.0.0-rc.1.26425.128",
        "contentHash": "SQwt9GOYl4Sx/vPs/KLDXU5+lXBdDE+jHEJN39fYdfW9NhKuRlDykv3vdcuunkLVHsogsaD3U8S2EMsfVhly2A==",
        "dependencies": {
          "Microsoft.Extensions.Configuration": "11.0.0-rc.1.26425.128"
        }
      },
      "Microsoft.Extensions.Configuration.EnvironmentVariables": {
        "type": "Transitive",
        "resolved": "11.0.0-rc.1.26425.128",
        "contentHash": "pjr9im93UDwrnq4MYr2yKJJxcjk5KJLRdeuvC0S0/K5dttUBUn8YfLX64NRaIruF+wTOcuJ86WS2WvmwzAswcA==",
        "dependencies": {
          "Microsoft.Extensions.Configuration": "11.0.0-rc.1.26425.128"
        }
      },
      "Microsoft.Extensions.Configuration.FileExtensions": {
        "type": "Transitive",
        "resolved": "11.0.0-rc.1.26425.128",
        "contentHash": "TL/JWfhVSpWQ20MU0qyc8b+msicxWQ1mCgksMEozZm6+lB3XvojKPsXF25QIHzTA5qwL+m6gEOcl6c6UG1NW0Q==",
        "dependencies": {
          "Microsoft.Extensions.Configuration": "11.0.0-rc.1.26425.128",
          "Microsoft.Extensions.FileProviders.Physical": "11.0.0-rc.1.26425.128"
        }
      },
      "Microsoft.Extensions.Configuration.Json": {
        "type": "Transitive",
        "resolved": "11.0.0-rc.1.26425.128",
        "contentHash": "miSqJU+LJExUlMWIaz6aoJ7T44yctRxk7+/GCgEWyUEzwXr2nY7ouh6tJeu+gnhPPqQgMyF/+KWO973+oHe2/g==",
        "dependencies": {
          "Microsoft.Extensions.Configuration": "11.0.0-rc.1.26425.128",
          "Microsoft.Extensions.Configuration.FileExtensions": "11.0.0-rc.1.26425.128"
        }
      },
      "Microsoft.Extensions.Configuration.UserSecrets": {
        "type": "Transitive",
        "resolved": "11.0.0-rc.1.26425.128",
        "contentHash": "e92JNCVh3CbfdEO9NT/PHT7N0wKn6BBwUVgM+AY4bqxbpiY9a1USHxh5F5ViLsbZt//jX1LJOB8tA9GA0IBiZQ==",
        "dependencies": {
          "Microsoft.Extensions.Configuration.Json": "11.0.0-rc.1.26425.128",
          "Microsoft.Extensions.FileProviders.Physical": "11.0.0-rc.1.26425.128"
        }
      },
      "Microsoft.Extensions.DependencyInjection": {
        "type": "Transitive",
        "resolved": "11.0.0-rc.1.26425.128",
        "contentHash": "r9VvtUpwM0MZ21DaTQWDqmsm6ABmuuXA/4aqa9LJVZET0HGlIG0Z5eN2esarFAQW2xtgGFyIYcnWs5uxUUizgg=="
      },
      "Microsoft.Extensions.Diagnostics": {
        "type": "Transitive",
        "resolved": "11.0.0-rc.1.26425.128",
        "contentHash": "4O8+S1awKr1nwX0KboSyMszc1TGlxI1rSZsuFfvoByNnvlOj2C0Zg0/DUTFaBTpKAMCGvBZomDbY3uOtUvhvTw==",
        "dependencies": {
          "Microsoft.Extensions.Configuration": "11.0.0-rc.1.26425.128",
          "Microsoft.Extensions.Options.ConfigurationExtensions": "11.0.0-rc.1.26425.128"
        }
      },
      "Microsoft.Extensions.FileProviders.Physical": {
        "type": "Transitive",
        "resolved": "11.0.0-rc.1.26425.128",
        "contentHash": "Pd0sz0cuM5sS4bMiD31G6Uv+PStLZOYEahGLq9pFMg7s4Spg/oPQQTV5nr4BqweXOsQtHF8hEhlnZqPZOBAvtw==",
        "dependencies": {
          "Microsoft.Extensions.FileSystemGlobbing": "11.0.0-rc.1.26425.128"
        }
      },
      "Microsoft.Extensions.FileSystemGlobbing": {
        "type": "Transitive",
        "resolved": "11.0.0-rc.1.26425.128",
        "contentHash": "uW8Q1sSMS2vnS8mhPdVTkbz5b0S5OEFMV8T7nS0bgz1ubQ/Bl7P2l/fmM8ZScqxNKqjZdNvRQaNgac6YA0HnUw=="
      },
      "Microsoft.Extensions.Logging": {
        "type": "Transitive",
        "resolved": "11.0.0-rc.1.26425.128",
        "contentHash": "SxnI3xH/jZ11sRY5l1DqaqH4z7tyEqAa0ehQ6xsBGenst1mFy91iGWGZfUA0MnyPxQCdjmAlvPmuCvLsrv/ufw==",
        "dependencies": {
          "Microsoft.Extensions.DependencyInjection": "11.0.0-rc.1.26425.128"
        }
      },
      "Microsoft.Extensions.Logging.Configuration": {
        "type": "Transitive",
        "resolved": "11.0.0-rc.1.26425.128",
        "contentHash": "ZrK5NbDAUo4tJmsi4PrqYDU52tHFuGE6n3O+pB/p55Azo8+sr9DnwUDjMu0QOt+DYQfc7Q0yY9MNDGTjEkx2Uw==",
        "dependencies": {
          "Microsoft.Extensions.Configuration": "11.0.0-rc.1.26425.128",
          "Microsoft.Extensions.Configuration.Binder": "11.0.0-rc.1.26425.128",
          "Microsoft.Extensions.Logging": "11.0.0-rc.1.26425.128",
          "Microsoft.Extensions.Options.ConfigurationExtensions": "11.0.0-rc.1.26425.128"
        }
      },
      "Microsoft.Extensions.Logging.Console": {
        "type": "Transitive",
        "resolved": "11.0.0-rc.1.26425.128",
        "contentHash": "ft9SeFeLUyhLRoP9vw9zEtH9ScR/VIIae37IfvVk3Cd2GWHTV/sR9c8i7OR4QCPaVMRNZiL5KBazqOer3P2TZg==",
        "dependencies": {
          "Microsoft.Extensions.Logging": "11.0.0-rc.1.26425.128",
          "Microsoft.Extensions.Logging.Configuration": "11.0.0-rc.1.26425.128"
        }
      },
      "Microsoft.Extensions.Logging.Debug": {
        "type": "Transitive",
        "resolved": "11.0.0-rc.1.26425.128",
        "contentHash": "E8OLQlV4ZaNzRU1bmrWAE+RZNXTnx9Guu+b4fwdrjDA944rk2aYADig/XKssjHZawbKhp2fWUoPDVffdrs8vxw==",
        "dependencies": {
          "Microsoft.Extensions.Logging": "11.0.0-rc.1.26425.128"
        }
      },
      "Microsoft.Extensions.Logging.EventLog": {
        "type": "Transitive",
        "resolved": "11.0.0-rc.1.26425.128",
        "contentHash": "Z6i2Uy1EsFukiLGo1EFm6bQO1zjUxkEQsPczIUrDQui7Yv/GAkKJKmVR+AMUG69gGd65eRY6eXVBPSh5KAFIUA==",
        "dependencies": {
          "Microsoft.Extensions.Logging": "11.0.0-rc.1.26425.128",
          "Microsoft.Extensions.Logging.Configuration": "11.0.0-rc.1.26425.128",
          "System.Diagnostics.EventLog": "11.0.0-rc.1.26425.128"
        }
      },
      "Microsoft.Extensions.Logging.EventSource": {
        "type": "Transitive",
        "resolved": "11.0.0-rc.1.26425.128",
        "contentHash": "1MSql2c+CVjd/+IXJg2Ks4ZTrdM4j+Xr0rxzb9bEApd8VWQJrfAw+D1Hb7PieayYS5CeXSmgluMKGSdhUhZZcg==",
        "dependencies": {
          "Microsoft.Extensions.Logging": "11.0.0-rc.1.26425.128"
        }
      },
      "Microsoft.Extensions.Options.ConfigurationExtensions": {
        "type": "Transitive",
        "resolved": "11.0.0-rc.1.26425.128",
        "contentHash": "z3K4AJwVQeNAHUfU4DSvs3Yvnzak7vbbD/rtcU4eKMxCKmmw3PA3sTefMTUUcIrePEhpIEODGtiOGJ00b/dNzg==",
        "dependencies": {
          "Microsoft.Extensions.Configuration.Binder": "11.0.0-rc.1.26425.128"
        }
      },
      "ModelContextProtocol.Core": {
        "type": "Transitive",
        "resolved": "2.2.0",
        "contentHash": "FeBfXU6T8k+jw4afg4sfxdEX2rL/e5oKOk9ROOGztu9k47+7Bz08sdaToYt2XvMY1opNbwxYQOFMj6wH9TInhA==",
        "dependencies": {
          "Microsoft.Extensions.AI.Abstractions": "10.8.3"
        }
      },
      "System.Diagnostics.EventLog": {
        "type": "Transitive",
        "resolved": "11.0.0-rc.1.26425.128",
        "contentHash": "ByF+R8H7CN2iMOE6aB4901+AoNftRMJ5hqU114YI99xG4rj89dlJx3F1+iprQEo1h2YFhDPnJtFfVOUabl0IiQ=="
      },
      "lumoin.veridical.backends.managed": {
        "type": "Project",
        "dependencies": {
          "Lumoin.Veridical.Core": "[0.0.0, )",
          "Lumoin.Veridical.Hashing": "[0.0.0, )"
        }
      },
      "lumoin.veridical.core": {
        "type": "Project",
        "dependencies": {
          "Lumoin.Base": "[0.0.14, )"
        }
      },
      "lumoin.veridical.hashing": {
        "type": "Project",
        "dependencies": {
          "Lumoin.Veridical.Core": "[0.0.0, )"
        }
      },
      "lumoin.veridical.json": {
        "type": "Project"
      },
      "Lumoin.Base": {
        "type": "CentralTransitive",
        "requested": "[0.0.14, )",
        "resolved": "0.0.14",
        "contentHash": "r7OY0s3JyyZzm89TZrkCLKIWiRQBVvjV0ratDc6rJeciV7aNjBxvMU+oq19O+NFznPeBZBJ0yZjML4dHfvhK5w=="
      }
    }
  }
}